<?xml version="1.0" encoding="utf-8"?>
<Project ToolsVersion="4.0" xmlns="http://schemas.microsoft.com/developer/msbuild/2003">
  <ItemGroup>
    <None Include=".clang-format" />
    <None Include="vcpkg.json" />
    <None Include=".gitignore" />
    <None Include="README.md" />
    <None Include="shaders\simple.vert">
      <Filter>shaders</Filter>
    </None>
    <None Include="shaders\simple.frag">
      <Filter>shaders</Filter>
    </None>
    <None Include="shaders\light.vert">
      <Filter>shaders</Filter>
    </None>
    <None Include="shaders\light.frag">
      <Filter>shaders</Filter>
    </None>
  </ItemGroup>
  <ItemGroup>
    <Filter Include="wrapper">
      <UniqueIdentifier>{af89c134-f9f4-429e-adba-7288aca2b736}</UniqueIdentifier>
    </Filter>
    <Filter Include="src">
      <UniqueIdentifier>{26651bde-6605-42ab-aad1-634e9b845892}</UniqueIdentifier>
    </Filter>
    <Filter Include="shaders">
      <UniqueIdentifier>{6c23fe52-3e67-4a74-849e-b0490c0cb743}</UniqueIdentifier>
    </Filter>
  </ItemGroup>
  <ItemGroup>
    <ClCompile Include="main.cpp">
      <Filter>src</Filter>
    </ClCompile>
    <ClCompile Include="app.cpp">
      <Filter>src</Filter>
    </ClCompile>
    <ClCompile Include="gl_window.cpp">
      <Filter>wrapper</Filter>
    </ClCompile>
    <ClCompile Include="pch.cpp">
      <Filter>src</Filter>
    </ClCompile>
    <ClCompile Include="gl_shader.cpp">
      <Filter>wrapper</Filter>
    </ClCompile>
    <ClCompile Include="gl_program.cpp">
      <Filter>wrapper</Filter>
    </ClCompile>
    <ClCompile Include="gl_context.cpp">
      <Filter>wrapper</Filter>
    </ClCompile>
    <ClCompile Include="gl_buffer.cpp">
      <Filter>wrapper</Filter>
    </ClCompile>
    <ClCompile Include="gl_vertex_layout.cpp">
      <Filter>wrapper</Filter>
    </ClCompile>
    <ClCompile Include="image.cpp">
      <Filter>src</Filter>
    </ClCompile>
    <ClCompile Include="gl_texture.cpp">
      <Filter>wrapper</Filter>
    </ClCompile>
  </ItemGroup>
  <ItemGroup>
    <ClInclude Include="app.h">
      <Filter>src</Filter>
    </ClInclude>
    <ClInclude Include="gl_window.h">
      <Filter>wrapper</Filter>
    </ClInclude>
    <ClInclude Include="pch.h">
      <Filter>src</Filter>
    </ClInclude>
    <ClInclude Include="utils.h">
      <Filter>src</Filter>
    </ClInclude>
    <ClInclude Include="gl_shader.h">
      <Filter>wrapper</Filter>
    </ClInclude>
    <ClInclude Include="gl_program.h">
      <Filter>wrapper</Filter>
    </ClInclude>
    <ClInclude Include="gl_context.h">
      <Filter>wrapper</Filter>
    </ClInclude>
    <ClInclude Include="gl_buffer.h">
      <Filter>wrapper</Filter>
    </ClInclude>
    <ClInclude Include="gl_vertex_layout.h">
      <Filter>wrapper</Filter>
    </ClInclude>
    <ClInclude Include="image.h">
      <Filter>src</Filter>
    </ClInclude>
    <ClInclude Include="gl_texture.h">
      <Filter>wrapper</Filter>
    </ClInclude>
    <ClInclude Include="geometry.h">
      <Filter>src</Filter>
    </ClInclude>
  </ItemGroup>
</Project>