<?xml version="1.0" encoding="utf-8"?>
<Project ToolsVersion="4.0" xmlns="http://schemas.microsoft.com/developer/msbuild/2003">
  <ItemGroup>
    <None Include=".clang-format" />
  </ItemGroup>
  <ItemGroup>
    <Filter Include="wrapper">
      <UniqueIdentifier>{af89c134-f9f4-429e-adba-7288aca2b736}</UniqueIdentifier>
    </Filter>
    <Filter Include="src">
      <UniqueIdentifier>{26651bde-6605-42ab-aad1-634e9b845892}</UniqueIdentifier>
    </Filter>
  </ItemGroup>
  <ItemGroup>
    <ClCompile Include="main.cpp">
      <Filter>src</Filter>
    </ClCompile>
  </ItemGroup>
</Project>